
Microsoft Visual Studio Solution File, Format Version 12.00
# Visual Studio Version 17
VisualStudioVersion = 17.1.32421.90
MinimumVisualStudioVersion = 10.0.40219.1
Project("{FAE04EC0-301F-11D3-BF4B-00C04F79EFBC}") = "Calculator", "Calculator.csproj", "{31419652-0945-4D00-AD1D-C97D3538B795}"
EndProject
Global
	GlobalSection(SolutionConfigurationPlatforms) = preSolution
		Debug|Any CPU = Debug|Any CPU
		Release|Any CPU = Release|Any CPU
	EndGlobalSection
	GlobalSection(ProjectConfigurationPlatforms) = postSolution
		{31419652-0945-4D00-AD1D-C97D3538B795}.Debug|Any CPU.ActiveCfg = Debug|Any CPU
		{31419652-0945-4D00-AD1D-C97D3538B795}.Debug|Any CPU.Build.0 = Debug|Any CPU
		{31419652-0945-4D00-AD1D-C97D3538B795}.Release|Any CPU.ActiveCfg = Release|Any CPU
		{31419652-0945-4D00-AD1D-C97D3538B795}.Release|Any CPU.Build.0 = Release|Any CPU
	EndGlobalSection
	GlobalSection(SolutionProperties) = preSolution
		HideSolutionNode = FALSE
	EndGlobalSection
	GlobalSection(ExtensibilityGlobals) = postSolution
		SolutionGuid = {A08CC50C-C7A9-4A4E-BA8C-66A0B359534A}
	EndGlobalSection
EndGlobal
